
Microsoft Visual Studio Solution File, Format Version 12.00
# Visual Studio 2013
VisualStudioVersion = 12.0.40629.0
MinimumVisualStudioVersion = 10.0.40219.1
Project("{FAE04EC0-301F-11D3-BF4B-00C04F79EFBC}") = "NHInsights", "NHInsights\NHInsights.csproj", "{00676139-FFAB-4637-9CF6-8E6C6B3AC2F3}"
EndProject
Project("{2150E333-8FDC-42A3-9474-1A3956D46DE8}") = "Solution Items", "Solution Items", "{3E06B124-573B-461E-8C76-07FF0FE96DE9}"
	ProjectSection(SolutionItems) = preProject
		NHInsights\NHInsights.nuspec = NHInsights\NHInsights.nuspec
	EndProjectSection
EndProject
Project("{2150E333-8FDC-42A3-9474-1A3956D46DE8}") = ".nuget", ".nuget", "{1713546B-5A72-4A75-8DA1-1253F736E85F}"
	ProjectSection(SolutionItems) = preProject
		.nuget\NuGet.Config = .nuget\NuGet.Config
		.nuget\NuGet.exe = .nuget\NuGet.exe
	EndProjectSection
EndProject
Global
	GlobalSection(SolutionConfigurationPlatforms) = preSolution
		Debug|Any CPU = Debug|Any CPU
		Release|Any CPU = Release|Any CPU
	EndGlobalSection
	GlobalSection(ProjectConfigurationPlatforms) = postSolution
		{00676139-FFAB-4637-9CF6-8E6C6B3AC2F3}.Debug|Any CPU.ActiveCfg = Debug|Any CPU
		{00676139-FFAB-4637-9CF6-8E6C6B3AC2F3}.Debug|Any CPU.Build.0 = Debug|Any CPU
		{00676139-FFAB-4637-9CF6-8E6C6B3AC2F3}.Release|Any CPU.ActiveCfg = Release|Any CPU
		{00676139-FFAB-4637-9CF6-8E6C6B3AC2F3}.Release|Any CPU.Build.0 = Release|Any CPU
	EndGlobalSection
	GlobalSection(SolutionProperties) = preSolution
		HideSolutionNode = FALSE
	EndGlobalSection
EndGlobal
